
Microsoft Visual Studio Solution File, Format Version 11.00
# Visual Studio 2010
Project("{8BC9CEB8-8B4A-11D0-8D11-00A0C91BC942}") = "YC_Config", "YCConfig\YCConfig.vcxproj", "{0FD57E01-1692-42D4-9DAD-398A8AD5D863}"
EndProject
Project("{8BC9CEB8-8B4A-11D0-8D11-00A0C91BC942}") = "YC_Audio", "YCAudio\YCAudio.vcxproj", "{E25E847A-8EF4-44E5-84A0-7D7F1B7C3CF4}"
	ProjectSection(ProjectDependencies) = postProject
		{D5330BD1-DC5A-452E-8C29-02198033C11D} = {D5330BD1-DC5A-452E-8C29-02198033C11D}
	EndProjectSection
EndProject
Project("{8BC9CEB8-8B4A-11D0-8D11-00A0C91BC942}") = "YC_Lua", "YCLua\YCLua.vcxproj", "{FD39E41D-77CF-4935-ACE1-57C596AD19A1}"
	ProjectSection(ProjectDependencies) = postProject
		{C6F1CF90-5DB5-4A89-ABBC-3E346F45C60B} = {C6F1CF90-5DB5-4A89-ABBC-3E346F45C60B}
	EndProjectSection
EndProject
Project("{8BC9CEB8-8B4A-11D0-8D11-00A0C91BC942}") = "Client", "AppTest\AppTest.vcxproj", "{45A6B868-D4F9-4F20-88EF-C7A64AF5DA9D}"
	ProjectSection(ProjectDependencies) = postProject
		{0FD57E01-1692-42D4-9DAD-398A8AD5D863} = {0FD57E01-1692-42D4-9DAD-398A8AD5D863}
		{FD39E41D-77CF-4935-ACE1-57C596AD19A1} = {FD39E41D-77CF-4935-ACE1-57C596AD19A1}
		{B3DBE325-7B0D-480C-BF99-C6372114CBB1} = {B3DBE325-7B0D-480C-BF99-C6372114CBB1}
		{063D9A34-149D-453E-AA2E-644158BFC93F} = {063D9A34-149D-453E-AA2E-644158BFC93F}
		{58CBD861-2F41-44EF-B20F-25E318316006} = {58CBD861-2F41-44EF-B20F-25E318316006}
		{E25E847A-8EF4-44E5-84A0-7D7F1B7C3CF4} = {E25E847A-8EF4-44E5-84A0-7D7F1B7C3CF4}
		{C6F1CF90-5DB5-4A89-ABBC-3E346F45C60B} = {C6F1CF90-5DB5-4A89-ABBC-3E346F45C60B}
		{D5090BA7-BACA-439F-B409-E49FB1EFDC82} = {D5090BA7-BACA-439F-B409-E49FB1EFDC82}
		{D5330BD1-DC5A-452E-8C29-02198033C11D} = {D5330BD1-DC5A-452E-8C29-02198033C11D}
	EndProjectSection
EndProject
Project("{8BC9CEB8-8B4A-11D0-8D11-00A0C91BC942}") = "YC_Basic", "YCBasic\YCBasic.vcxproj", "{C6F1CF90-5DB5-4A89-ABBC-3E346F45C60B}"
EndProject
Project("{8BC9CEB8-8B4A-11D0-8D11-00A0C91BC942}") = "YC_Graphic", "YCGraphic\YCGraphic.vcxproj", "{D5330BD1-DC5A-452E-8C29-02198033C11D}"
	ProjectSection(ProjectDependencies) = postProject
		{0FD57E01-1692-42D4-9DAD-398A8AD5D863} = {0FD57E01-1692-42D4-9DAD-398A8AD5D863}
		{FD39E41D-77CF-4935-ACE1-57C596AD19A1} = {FD39E41D-77CF-4935-ACE1-57C596AD19A1}
		{B3DBE325-7B0D-480C-BF99-C6372114CBB1} = {B3DBE325-7B0D-480C-BF99-C6372114CBB1}
		{C6F1CF90-5DB5-4A89-ABBC-3E346F45C60B} = {C6F1CF90-5DB5-4A89-ABBC-3E346F45C60B}
		{D5090BA7-BACA-439F-B409-E49FB1EFDC82} = {D5090BA7-BACA-439F-B409-E49FB1EFDC82}
	EndProjectSection
EndProject
Project("{8BC9CEB8-8B4A-11D0-8D11-00A0C91BC942}") = "YC_Network", "YCNetwork\YCNetwork.vcxproj", "{D5090BA7-BACA-439F-B409-E49FB1EFDC82}"
	ProjectSection(ProjectDependencies) = postProject
		{0FD57E01-1692-42D4-9DAD-398A8AD5D863} = {0FD57E01-1692-42D4-9DAD-398A8AD5D863}
		{C6F1CF90-5DB5-4A89-ABBC-3E346F45C60B} = {C6F1CF90-5DB5-4A89-ABBC-3E346F45C60B}
	EndProjectSection
EndProject
Project("{8BC9CEB8-8B4A-11D0-8D11-00A0C91BC942}") = "YC_Game", "YCGame\YCGame.vcxproj", "{063D9A34-149D-453E-AA2E-644158BFC93F}"
	ProjectSection(ProjectDependencies) = postProject
		{0FD57E01-1692-42D4-9DAD-398A8AD5D863} = {0FD57E01-1692-42D4-9DAD-398A8AD5D863}
		{FD39E41D-77CF-4935-ACE1-57C596AD19A1} = {FD39E41D-77CF-4935-ACE1-57C596AD19A1}
		{B3DBE325-7B0D-480C-BF99-C6372114CBB1} = {B3DBE325-7B0D-480C-BF99-C6372114CBB1}
		{E25E847A-8EF4-44E5-84A0-7D7F1B7C3CF4} = {E25E847A-8EF4-44E5-84A0-7D7F1B7C3CF4}
		{C6F1CF90-5DB5-4A89-ABBC-3E346F45C60B} = {C6F1CF90-5DB5-4A89-ABBC-3E346F45C60B}
		{D5090BA7-BACA-439F-B409-E49FB1EFDC82} = {D5090BA7-BACA-439F-B409-E49FB1EFDC82}
		{D5330BD1-DC5A-452E-8C29-02198033C11D} = {D5330BD1-DC5A-452E-8C29-02198033C11D}
	EndProjectSection
EndProject
Project("{8BC9CEB8-8B4A-11D0-8D11-00A0C91BC942}") = "YC_Input", "YCInput\YCInput.vcxproj", "{B3DBE325-7B0D-480C-BF99-C6372114CBB1}"
	ProjectSection(ProjectDependencies) = postProject
		{C6F1CF90-5DB5-4A89-ABBC-3E346F45C60B} = {C6F1CF90-5DB5-4A89-ABBC-3E346F45C60B}
	EndProjectSection
EndProject
Project("{8BC9CEB8-8B4A-11D0-8D11-00A0C91BC942}") = "YC_File", "YCFile\YCFile.vcxproj", "{58CBD861-2F41-44EF-B20F-25E318316006}"
	ProjectSection(ProjectDependencies) = postProject
		{C6F1CF90-5DB5-4A89-ABBC-3E346F45C60B} = {C6F1CF90-5DB5-4A89-ABBC-3E346F45C60B}
	EndProjectSection
EndProject
Global
	GlobalSection(SolutionConfigurationPlatforms) = preSolution
		Debug_Distribute|Win32 = Debug_Distribute|Win32
		Debug|Win32 = Debug|Win32
		Release_Distribute|Win32 = Release_Distribute|Win32
		Release|Win32 = Release|Win32
	EndGlobalSection
	GlobalSection(ProjectConfigurationPlatforms) = postSolution
		{0FD57E01-1692-42D4-9DAD-398A8AD5D863}.Debug_Distribute|Win32.ActiveCfg = Debug_Distribute|Win32
		{0FD57E01-1692-42D4-9DAD-398A8AD5D863}.Debug_Distribute|Win32.Build.0 = Debug_Distribute|Win32
		{0FD57E01-1692-42D4-9DAD-398A8AD5D863}.Debug|Win32.ActiveCfg = Debug|Win32
		{0FD57E01-1692-42D4-9DAD-398A8AD5D863}.Debug|Win32.Build.0 = Debug|Win32
		{0FD57E01-1692-42D4-9DAD-398A8AD5D863}.Release_Distribute|Win32.ActiveCfg = Release_Distribute|Win32
		{0FD57E01-1692-42D4-9DAD-398A8AD5D863}.Release_Distribute|Win32.Build.0 = Release_Distribute|Win32
		{0FD57E01-1692-42D4-9DAD-398A8AD5D863}.Release|Win32.ActiveCfg = Release|Win32
		{0FD57E01-1692-42D4-9DAD-398A8AD5D863}.Release|Win32.Build.0 = Release|Win32
		{E25E847A-8EF4-44E5-84A0-7D7F1B7C3CF4}.Debug_Distribute|Win32.ActiveCfg = Debug_Distribute|Win32
		{E25E847A-8EF4-44E5-84A0-7D7F1B7C3CF4}.Debug_Distribute|Win32.Build.0 = Debug_Distribute|Win32
		{E25E847A-8EF4-44E5-84A0-7D7F1B7C3CF4}.Debug|Win32.ActiveCfg = Debug|Win32
		{E25E847A-8EF4-44E5-84A0-7D7F1B7C3CF4}.Debug|Win32.Build.0 = Debug|Win32
		{E25E847A-8EF4-44E5-84A0-7D7F1B7C3CF4}.Release_Distribute|Win32.ActiveCfg = Release_Distribute|Win32
		{E25E847A-8EF4-44E5-84A0-7D7F1B7C3CF4}.Release_Distribute|Win32.Build.0 = Release_Distribute|Win32
		{E25E847A-8EF4-44E5-84A0-7D7F1B7C3CF4}.Release|Win32.ActiveCfg = Release|Win32
		{E25E847A-8EF4-44E5-84A0-7D7F1B7C3CF4}.Release|Win32.Build.0 = Release|Win32
		{FD39E41D-77CF-4935-ACE1-57C596AD19A1}.Debug_Distribute|Win32.ActiveCfg = Debug_Distribute|Win32
		{FD39E41D-77CF-4935-ACE1-57C596AD19A1}.Debug_Distribute|Win32.Build.0 = Debug_Distribute|Win32
		{FD39E41D-77CF-4935-ACE1-57C596AD19A1}.Debug|Win32.ActiveCfg = Debug|Win32
		{FD39E41D-77CF-4935-ACE1-57C596AD19A1}.Debug|Win32.Build.0 = Debug|Win32
		{FD39E41D-77CF-4935-ACE1-57C596AD19A1}.Release_Distribute|Win32.ActiveCfg = Release_Distribute|Win32
		{FD39E41D-77CF-4935-ACE1-57C596AD19A1}.Release_Distribute|Win32.Build.0 = Release_Distribute|Win32
		{FD39E41D-77CF-4935-ACE1-57C596AD19A1}.Release|Win32.ActiveCfg = Release|Win32
		{FD39E41D-77CF-4935-ACE1-57C596AD19A1}.Release|Win32.Build.0 = Release|Win32
		{45A6B868-D4F9-4F20-88EF-C7A64AF5DA9D}.Debug_Distribute|Win32.ActiveCfg = Debug_Distribute|Win32
		{45A6B868-D4F9-4F20-88EF-C7A64AF5DA9D}.Debug_Distribute|Win32.Build.0 = Debug_Distribute|Win32
		{45A6B868-D4F9-4F20-88EF-C7A64AF5DA9D}.Debug|Win32.ActiveCfg = Debug|Win32
		{45A6B868-D4F9-4F20-88EF-C7A64AF5DA9D}.Debug|Win32.Build.0 = Debug|Win32
		{45A6B868-D4F9-4F20-88EF-C7A64AF5DA9D}.Release_Distribute|Win32.ActiveCfg = Release_Distribute|Win32
		{45A6B868-D4F9-4F20-88EF-C7A64AF5DA9D}.Release_Distribute|Win32.Build.0 = Release_Distribute|Win32
		{45A6B868-D4F9-4F20-88EF-C7A64AF5DA9D}.Release|Win32.ActiveCfg = Release|Win32
		{45A6B868-D4F9-4F20-88EF-C7A64AF5DA9D}.Release|Win32.Build.0 = Release|Win32
		{C6F1CF90-5DB5-4A89-ABBC-3E346F45C60B}.Debug_Distribute|Win32.ActiveCfg = Debug_Distribute|Win32
		{C6F1CF90-5DB5-4A89-ABBC-3E346F45C60B}.Debug_Distribute|Win32.Build.0 = Debug_Distribute|Win32
		{C6F1CF90-5DB5-4A89-ABBC-3E346F45C60B}.Debug|Win32.ActiveCfg = Debug|Win32
		{C6F1CF90-5DB5-4A89-ABBC-3E346F45C60B}.Debug|Win32.Build.0 = Debug|Win32
		{C6F1CF90-5DB5-4A89-ABBC-3E346F45C60B}.Release_Distribute|Win32.ActiveCfg = Release_Distribute|Win32
		{C6F1CF90-5DB5-4A89-ABBC-3E346F45C60B}.Release_Distribute|Win32.Build.0 = Release_Distribute|Win32
		{C6F1CF90-5DB5-4A89-ABBC-3E346F45C60B}.Release|Win32.ActiveCfg = Release|Win32
		{C6F1CF90-5DB5-4A89-ABBC-3E346F45C60B}.Release|Win32.Build.0 = Release|Win32
		{D5330BD1-DC5A-452E-8C29-02198033C11D}.Debug_Distribute|Win32.ActiveCfg = Debug_Distribute|Win32
		{D5330BD1-DC5A-452E-8C29-02198033C11D}.Debug_Distribute|Win32.Build.0 = Debug_Distribute|Win32
		{D5330BD1-DC5A-452E-8C29-02198033C11D}.Debug|Win32.ActiveCfg = Debug|Win32
		{D5330BD1-DC5A-452E-8C29-02198033C11D}.Debug|Win32.Build.0 = Debug|Win32
		{D5330BD1-DC5A-452E-8C29-02198033C11D}.Release_Distribute|Win32.ActiveCfg = Release_Distribute|Win32
		{D5330BD1-DC5A-452E-8C29-02198033C11D}.Release_Distribute|Win32.Build.0 = Release_Distribute|Win32
		{D5330BD1-DC5A-452E-8C29-02198033C11D}.Release|Win32.ActiveCfg = Release|Win32
		{D5330BD1-DC5A-452E-8C29-02198033C11D}.Release|Win32.Build.0 = Release|Win32
		{D5090BA7-BACA-439F-B409-E49FB1EFDC82}.Debug_Distribute|Win32.ActiveCfg = Debug_Distribute|Win32
		{D5090BA7-BACA-439F-B409-E49FB1EFDC82}.Debug_Distribute|Win32.Build.0 = Debug_Distribute|Win32
		{D5090BA7-BACA-439F-B409-E49FB1EFDC82}.Debug|Win32.ActiveCfg = Debug|Win32
		{D5090BA7-BACA-439F-B409-E49FB1EFDC82}.Debug|Win32.Build.0 = Debug|Win32
		{D5090BA7-BACA-439F-B409-E49FB1EFDC82}.Release_Distribute|Win32.ActiveCfg = Release_Distribute|Win32
		{D5090BA7-BACA-439F-B409-E49FB1EFDC82}.Release_Distribute|Win32.Build.0 = Release_Distribute|Win32
		{D5090BA7-BACA-439F-B409-E49FB1EFDC82}.Release|Win32.ActiveCfg = Release|Win32
		{D5090BA7-BACA-439F-B409-E49FB1EFDC82}.Release|Win32.Build.0 = Release|Win32
		{063D9A34-149D-453E-AA2E-644158BFC93F}.Debug_Distribute|Win32.ActiveCfg = Debug_Distribute|Win32
		{063D9A34-149D-453E-AA2E-644158BFC93F}.Debug_Distribute|Win32.Build.0 = Debug_Distribute|Win32
		{063D9A34-149D-453E-AA2E-644158BFC93F}.Debug|Win32.ActiveCfg = Debug|Win32
		{063D9A34-149D-453E-AA2E-644158BFC93F}.Debug|Win32.Build.0 = Debug|Win32
		{063D9A34-149D-453E-AA2E-644158BFC93F}.Release_Distribute|Win32.ActiveCfg = Release_Distribute|Win32
		{063D9A34-149D-453E-AA2E-644158BFC93F}.Release_Distribute|Win32.Build.0 = Release_Distribute|Win32
		{063D9A34-149D-453E-AA2E-644158BFC93F}.Release|Win32.ActiveCfg = Release|Win32
		{063D9A34-149D-453E-AA2E-644158BFC93F}.Release|Win32.Build.0 = Release|Win32
		{B3DBE325-7B0D-480C-BF99-C6372114CBB1}.Debug_Distribute|Win32.ActiveCfg = Debug_Distribute|Win32
		{B3DBE325-7B0D-480C-BF99-C6372114CBB1}.Debug_Distribute|Win32.Build.0 = Debug_Distribute|Win32
		{B3DBE325-7B0D-480C-BF99-C6372114CBB1}.Debug|Win32.ActiveCfg = Debug|Win32
		{B3DBE325-7B0D-480C-BF99-C6372114CBB1}.Debug|Win32.Build.0 = Debug|Win32
		{B3DBE325-7B0D-480C-BF99-C6372114CBB1}.Release_Distribute|Win32.ActiveCfg = Release_Distribute|Win32
		{B3DBE325-7B0D-480C-BF99-C6372114CBB1}.Release_Distribute|Win32.Build.0 = Release_Distribute|Win32
		{B3DBE325-7B0D-480C-BF99-C6372114CBB1}.Release|Win32.ActiveCfg = Release|Win32
		{B3DBE325-7B0D-480C-BF99-C6372114CBB1}.Release|Win32.Build.0 = Release|Win32
		{58CBD861-2F41-44EF-B20F-25E318316006}.Debug_Distribute|Win32.ActiveCfg = Debug_Distribute|Win32
		{58CBD861-2F41-44EF-B20F-25E318316006}.Debug_Distribute|Win32.Build.0 = Debug_Distribute|Win32
		{58CBD861-2F41-44EF-B20F-25E318316006}.Debug|Win32.ActiveCfg = Debug|Win32
		{58CBD861-2F41-44EF-B20F-25E318316006}.Debug|Win32.Build.0 = Debug|Win32
		{58CBD861-2F41-44EF-B20F-25E318316006}.Release_Distribute|Win32.ActiveCfg = Release_Distribute|Win32
		{58CBD861-2F41-44EF-B20F-25E318316006}.Release_Distribute|Win32.Build.0 = Release_Distribute|Win32
		{58CBD861-2F41-44EF-B20F-25E318316006}.Release|Win32.ActiveCfg = Release|Win32
		{58CBD861-2F41-44EF-B20F-25E318316006}.Release|Win32.Build.0 = Release|Win32
	EndGlobalSection
	GlobalSection(SolutionProperties) = preSolution
		HideSolutionNode = FALSE
	EndGlobalSection
EndGlobal
